// !$*UTF8*$!
{
	archiveVersion = 1;
	classes = {
	};
	objectVersion = 50;
	objects = {

/* Begin PBXBuildFile section */
		A817B16224643F310058FB01 /* Contact.swift in Sources */ = {isa = PBXBuildFile; fileRef = A817B16124643F310058FB01 /* Contact.swift */; };
		A86A261924644C0C00460ABA /* UserDefaults+Extension.swift in Sources */ = {isa = PBXBuildFile; fileRef = A86A261824644C0C00460ABA /* UserDefaults+Extension.swift */; };
		A893F3C9246568470051579E /* String+Extensions.swift in Sources */ = {isa = PBXBuildFile; fileRef = A893F3C8246568470051579E /* String+Extensions.swift */; };
		A89F62722463DCF100B40661 /* AppDelegate.swift in Sources */ = {isa = PBXBuildFile; fileRef = A89F62712463DCF100B40661 /* AppDelegate.swift */; };
		A89F62762463DCF100B40661 /* ContactsViewController.swift in Sources */ = {isa = PBXBuildFile; fileRef = A89F62752463DCF100B40661 /* ContactsViewController.swift */; };
		A89F62792463DCF100B40661 /* Main.storyboard in Resources */ = {isa = PBXBuildFile; fileRef = A89F62772463DCF100B40661 /* Main.storyboard */; };
		A89F627C2463DCF100B40661 /* PhoneBook.xcdatamodeld in Sources */ = {isa = PBXBuildFile; fileRef = A89F627A2463DCF100B40661 /* PhoneBook.xcdatamodeld */; };
		A89F627E2463DCF200B40661 /* Assets.xcassets in Resources */ = {isa = PBXBuildFile; fileRef = A89F627D2463DCF200B40661 /* Assets.xcassets */; };
		A89F62812463DCF200B40661 /* LaunchScreen.storyboard in Resources */ = {isa = PBXBuildFile; fileRef = A89F627F2463DCF200B40661 /* LaunchScreen.storyboard */; };
		A89F62892463DE9D00B40661 /* contacts_data.json in Resources */ = {isa = PBXBuildFile; fileRef = A89F62882463DE9C00B40661 /* contacts_data.json */; };
		A89F628B2463E22900B40661 /* AddContactViewController.swift in Sources */ = {isa = PBXBuildFile; fileRef = A89F628A2463E22900B40661 /* AddContactViewController.swift */; };
		A89F628D2463E23A00B40661 /* EditContactViewController.swift in Sources */ = {isa = PBXBuildFile; fileRef = A89F628C2463E23A00B40661 /* EditContactViewController.swift */; };
		A89F62902463E52F00B40661 /* DatabaseServices.swift in Sources */ = {isa = PBXBuildFile; fileRef = A89F628F2463E52F00B40661 /* DatabaseServices.swift */; };
		A89F62922463E87600B40661 /* DataStorage.swift in Sources */ = {isa = PBXBuildFile; fileRef = A89F62912463E87600B40661 /* DataStorage.swift */; };
/* End PBXBuildFile section */

/* Begin PBXFileReference section */
		A817B16124643F310058FB01 /* Contact.swift */ = {isa = PBXFileReference; lastKnownFileType = sourcecode.swift; path = Contact.swift; sourceTree = "<group>"; };
		A86A261824644C0C00460ABA /* UserDefaults+Extension.swift */ = {isa = PBXFileReference; lastKnownFileType = sourcecode.swift; path = "UserDefaults+Extension.swift"; sourceTree = "<group>"; };
		A893F3C8246568470051579E /* String+Extensions.swift */ = {isa = PBXFileReference; lastKnownFileType = sourcecode.swift; path = "String+Extensions.swift"; sourceTree = "<group>"; };
		A89F626E2463DCF100B40661 /* PhoneBook.app */ = {isa = PBXFileReference; explicitFileType = wrapper.application; includeInIndex = 0; path = PhoneBook.app; sourceTree = BUILT_PRODUCTS_DIR; };
		A89F62712463DCF100B40661 /* AppDelegate.swift */ = {isa = PBXFileReference; lastKnownFileType = sourcecode.swift; path = AppDelegate.swift; sourceTree = "<group>"; };
		A89F62752463DCF100B40661 /* ContactsViewController.swift */ = {isa = PBXFileReference; lastKnownFileType = sourcecode.swift; path = ContactsViewController.swift; sourceTree = "<group>"; };
		A89F62782463DCF100B40661 /* Base */ = {isa = PBXFileReference; lastKnownFileType = file.storyboard; name = Base; path = Base.lproj/Main.storyboard; sourceTree = "<group>"; };
		A89F627B2463DCF100B40661 /* PhoneBook.xcdatamodel */ = {isa = PBXFileReference; lastKnownFileType = wrapper.xcdatamodel; path = PhoneBook.xcdatamodel; sourceTree = "<group>"; };
		A89F627D2463DCF200B40661 /* Assets.xcassets */ = {isa = PBXFileReference; lastKnownFileType = folder.assetcatalog; path = Assets.xcassets; sourceTree = "<group>"; };
		A89F62802463DCF200B40661 /* Base */ = {isa = PBXFileReference; lastKnownFileType = file.storyboard; name = Base; path = Base.lproj/LaunchScreen.storyboard; sourceTree = "<group>"; };
		A89F62822463DCF200B40661 /* Info.plist */ = {isa = PBXFileReference; lastKnownFileType = text.plist.xml; path = Info.plist; sourceTree = "<group>"; };
		A89F62882463DE9C00B40661 /* contacts_data.json */ = {isa = PBXFileReference; fileEncoding = 4; lastKnownFileType = text.json; path = contacts_data.json; sourceTree = "<group>"; };
		A89F628A2463E22900B40661 /* AddContactViewController.swift */ = {isa = PBXFileReference; lastKnownFileType = sourcecode.swift; path = AddContactViewController.swift; sourceTree = "<group>"; };
		A89F628C2463E23A00B40661 /* EditContactViewController.swift */ = {isa = PBXFileReference; lastKnownFileType = sourcecode.swift; path = EditContactViewController.swift; sourceTree = "<group>"; };
		A89F628F2463E52F00B40661 /* DatabaseServices.swift */ = {isa = PBXFileReference; lastKnownFileType = sourcecode.swift; path = DatabaseServices.swift; sourceTree = "<group>"; };
		A89F62912463E87600B40661 /* DataStorage.swift */ = {isa = PBXFileReference; lastKnownFileType = sourcecode.swift; path = DataStorage.swift; sourceTree = "<group>"; };
/* End PBXFileReference section */

/* Begin PBXFrameworksBuildPhase section */
		A89F626B2463DCF100B40661 /* Frameworks */ = {
			isa = PBXFrameworksBuildPhase;
			buildActionMask = 2147483647;
			files = (
			);
			runOnlyForDeploymentPostprocessing = 0;
		};
/* End PBXFrameworksBuildPhase section */

/* Begin PBXGroup section */
		A86A261724644B8400460ABA /* Extensions */ = {
			isa = PBXGroup;
			children = (
				A86A261824644C0C00460ABA /* UserDefaults+Extension.swift */,
				A893F3C8246568470051579E /* String+Extensions.swift */,
			);
			path = Extensions;
			sourceTree = "<group>";
		};
		A89F62652463DCF100B40661 = {
			isa = PBXGroup;
			children = (
				A89F62702463DCF100B40661 /* PhoneBook */,
				A89F626F2463DCF100B40661 /* Products */,
			);
			sourceTree = "<group>";
		};
		A89F626F2463DCF100B40661 /* Products */ = {
			isa = PBXGroup;
			children = (
				A89F626E2463DCF100B40661 /* PhoneBook.app */,
			);
			name = Products;
			sourceTree = "<group>";
		};
		A89F62702463DCF100B40661 /* PhoneBook */ = {
			isa = PBXGroup;
			children = (
				A86A261724644B8400460ABA /* Extensions */,
				A89F628E2463E51200B40661 /* Services */,
				A89F62712463DCF100B40661 /* AppDelegate.swift */,
				A817B16124643F310058FB01 /* Contact.swift */,
				A89F62752463DCF100B40661 /* ContactsViewController.swift */,
				A89F628A2463E22900B40661 /* AddContactViewController.swift */,
				A89F628C2463E23A00B40661 /* EditContactViewController.swift */,
				A89F62772463DCF100B40661 /* Main.storyboard */,
				A89F627D2463DCF200B40661 /* Assets.xcassets */,
				A89F627F2463DCF200B40661 /* LaunchScreen.storyboard */,
				A89F62822463DCF200B40661 /* Info.plist */,
				A89F62882463DE9C00B40661 /* contacts_data.json */,
			);
			path = PhoneBook;
			sourceTree = "<group>";
		};
		A89F628E2463E51200B40661 /* Services */ = {
			isa = PBXGroup;
			children = (
				A89F627A2463DCF100B40661 /* PhoneBook.xcdatamodeld */,
				A89F628F2463E52F00B40661 /* DatabaseServices.swift */,
				A89F62912463E87600B40661 /* DataStorage.swift */,
			);
			path = Services;
			sourceTree = "<group>";
		};
/* End PBXGroup section */

/* Begin PBXNativeTarget section */
		A89F626D2463DCF100B40661 /* PhoneBook */ = {
			isa = PBXNativeTarget;
			buildConfigurationList = A89F62852463DCF200B40661 /* Build configuration list for PBXNativeTarget "PhoneBook" */;
			buildPhases = (
				A89F626A2463DCF100B40661 /* Sources */,
				A89F626B2463DCF100B40661 /* Frameworks */,
				A89F626C2463DCF100B40661 /* Resources */,
			);
			buildRules = (
			);
			dependencies = (
			);
			name = PhoneBook;
			productName = PhoneBook;
			productReference = A89F626E2463DCF100B40661 /* PhoneBook.app */;
			productType = "com.apple.product-type.application";
		};
/* End PBXNativeTarget section */

/* Begin PBXProject section */
		A89F62662463DCF100B40661 /* Project object */ = {
			isa = PBXProject;
			attributes = {
				LastSwiftUpdateCheck = 1140;
				LastUpgradeCheck = 1140;
				ORGANIZATIONNAME = "Vladimir Romashov";
				TargetAttributes = {
					A89F626D2463DCF100B40661 = {
						CreatedOnToolsVersion = 11.4.1;
					};
				};
			};
			buildConfigurationList = A89F62692463DCF100B40661 /* Build configuration list for PBXProject "PhoneBook" */;
			compatibilityVersion = "Xcode 9.3";
			developmentRegion = en;
			hasScannedForEncodings = 0;
			knownRegions = (
				en,
				Base,
			);
			mainGroup = A89F62652463DCF100B40661;
			productRefGroup = A89F626F2463DCF100B40661 /* Products */;
			projectDirPath = "";
			projectRoot = "";
			targets = (
				A89F626D2463DCF100B40661 /* PhoneBook */,
			);
		};
/* End PBXProject section */

/* Begin PBXResourcesBuildPhase section */
		A89F626C2463DCF100B40661 /* Resources */ = {
			isa = PBXResourcesBuildPhase;
			buildActionMask = 2147483647;
			files = (
				A89F62812463DCF200B40661 /* LaunchScreen.storyboard in Resources */,
				A89F627E2463DCF200B40661 /* Assets.xcassets in Resources */,
				A89F62892463DE9D00B40661 /* contacts_data.json in Resources */,
				A89F62792463DCF100B40661 /* Main.storyboard in Resources */,
			);
			runOnlyForDeploymentPostprocessing = 0;
		};
/* End PBXResourcesBuildPhase section */

/* Begin PBXSourcesBuildPhase section */
		A89F626A2463DCF100B40661 /* Sources */ = {
			isa = PBXSourcesBuildPhase;
			buildActionMask = 2147483647;
			files = (
				A893F3C9246568470051579E /* String+Extensions.swift in Sources */,
				A89F628D2463E23A00B40661 /* EditContactViewController.swift in Sources */,
				A89F62762463DCF100B40661 /* ContactsViewController.swift in Sources */,
				A89F628B2463E22900B40661 /* AddContactViewController.swift in Sources */,
				A89F62722463DCF100B40661 /* AppDelegate.swift in Sources */,
				A86A261924644C0C00460ABA /* UserDefaults+Extension.swift in Sources */,
				A817B16224643F310058FB01 /* Contact.swift in Sources */,
				A89F62902463E52F00B40661 /* DatabaseServices.swift in Sources */,
				A89F62922463E87600B40661 /* DataStorage.swift in Sources */,
				A89F627C2463DCF100B40661 /* PhoneBook.xcdatamodeld in Sources */,
			);
			runOnlyForDeploymentPostprocessing = 0;
		};
/* End PBXSourcesBuildPhase section */

/* Begin PBXVariantGroup section */
		A89F62772463DCF100B40661 /* Main.storyboard */ = {
			isa = PBXVariantGroup;
			children = (
				A89F62782463DCF100B40661 /* Base */,
			);
			name = Main.storyboard;
			sourceTree = "<group>";
		};
		A89F627F2463DCF200B40661 /* LaunchScreen.storyboard */ = {
			isa = PBXVariantGroup;
			children = (
				A89F62802463DCF200B40661 /* Base */,
			);
			name = LaunchScreen.storyboard;
			sourceTree = "<group>";
		};
/* End PBXVariantGroup section */

/* Begin XCBuildConfiguration section */
		A89F62832463DCF200B40661 /* Debug */ = {
			isa = XCBuildConfiguration;
			buildSettings = {
				ALWAYS_SEARCH_USER_PATHS = NO;
				CLANG_ANALYZER_NONNULL = YES;
				CLANG_ANALYZER_NUMBER_OBJECT_CONVERSION = YES_AGGRESSIVE;
				CLANG_CXX_LANGUAGE_STANDARD = "gnu++14";
				CLANG_CXX_LIBRARY = "libc++";
				CLANG_ENABLE_MODULES = YES;
				CLANG_ENABLE_OBJC_ARC = YES;
				CLANG_ENABLE_OBJC_WEAK = YES;
				CLANG_WARN_BLOCK_CAPTURE_AUTORELEASING = YES;
				CLANG_WARN_BOOL_CONVERSION = YES;
				CLANG_WARN_COMMA = YES;
				CLANG_WARN_CONSTANT_CONVERSION = YES;
				CLANG_WARN_DEPRECATED_OBJC_IMPLEMENTATIONS = YES;
				CLANG_WARN_DIRECT_OBJC_ISA_USAGE = YES_ERROR;
				CLANG_WARN_DOCUMENTATION_COMMENTS = YES;
				CLANG_WARN_EMPTY_BODY = YES;
				CLANG_WARN_ENUM_CONVERSION = YES;
				CLANG_WARN_INFINITE_RECURSION = YES;
				CLANG_WARN_INT_CONVERSION = YES;
				CLANG_WARN_NON_LITERAL_NULL_CONVERSION = YES;
				CLANG_WARN_OBJC_IMPLICIT_RETAIN_SELF = YES;
				CLANG_WARN_OBJC_LITERAL_CONVERSION = YES;
				CLANG_WARN_OBJC_ROOT_CLASS = YES_ERROR;
				CLANG_WARN_RANGE_LOOP_ANALYSIS = YES;
				CLANG_WARN_STRICT_PROTOTYPES = YES;
				CLANG_WARN_SUSPICIOUS_MOVE = YES;
				CLANG_WARN_UNGUARDED_AVAILABILITY = YES_AGGRESSIVE;
				CLANG_WARN_UNREACHABLE_CODE = YES;
				CLANG_WARN__DUPLICATE_METHOD_MATCH = YES;
				COPY_PHASE_STRIP = NO;
				DEBUG_INFORMATION_FORMAT = dwarf;
				ENABLE_STRICT_OBJC_MSGSEND = YES;
				ENABLE_TESTABILITY = YES;
				GCC_C_LANGUAGE_STANDARD = gnu11;
				GCC_DYNAMIC_NO_PIC = NO;
				GCC_NO_COMMON_BLOCKS = YES;
				GCC_OPTIMIZATION_LEVEL = 0;
				GCC_PREPROCESSOR_DEFINITIONS = (
					"DEBUG=1",
					"$(inherited)",
				);
				GCC_WARN_64_TO_32_BIT_CONVERSION = YES;
				GCC_WARN_ABOUT_RETURN_TYPE = YES_ERROR;
				GCC_WARN_UNDECLARED_SELECTOR = YES;
				GCC_WARN_UNINITIALIZED_AUTOS = YES_AGGRESSIVE;
				GCC_WARN_UNUSED_FUNCTION = YES;
				GCC_WARN_UNUSED_VARIABLE = YES;
				IPHONEOS_DEPLOYMENT_TARGET = 13.4;
				MTL_ENABLE_DEBUG_INFO = INCLUDE_SOURCE;
				MTL_FAST_MATH = YES;
				ONLY_ACTIVE_ARCH = YES;
				SDKROOT = iphoneos;
				SWIFT_ACTIVE_COMPILATION_CONDITIONS = DEBUG;
				SWIFT_OPTIMIZATION_LEVEL = "-Onone";
			};
			name = Debug;
		};
		A89F62842463DCF200B40661 /* Release */ = {
			isa = XCBuildConfiguration;
			buildSettings = {
				ALWAYS_SEARCH_USER_PATHS = NO;
				CLANG_ANALYZER_NONNULL = YES;
				CLANG_ANALYZER_NUMBER_OBJECT_CONVERSION = YES_AGGRESSIVE;
				CLANG_CXX_LANGUAGE_STANDARD = "gnu++14";
				CLANG_CXX_LIBRARY = "libc++";
				CLANG_ENABLE_MODULES = YES;
				CLANG_ENABLE_OBJC_ARC = YES;
				CLANG_ENABLE_OBJC_WEAK = YES;
				CLANG_WARN_BLOCK_CAPTURE_AUTORELEASING = YES;
				CLANG_WARN_BOOL_CONVERSION = YES;
				CLANG_WARN_COMMA = YES;
				CLANG_WARN_CONSTANT_CONVERSION = YES;
				CLANG_WARN_DEPRECATED_OBJC_IMPLEMENTATIONS = YES;
				CLANG_WARN_DIRECT_OBJC_ISA_USAGE = YES_ERROR;
				CLANG_WARN_DOCUMENTATION_COMMENTS = YES;
				CLANG_WARN_EMPTY_BODY = YES;
				CLANG_WARN_ENUM_CONVERSION = YES;
				CLANG_WARN_INFINITE_RECURSION = YES;
				CLANG_WARN_INT_CONVERSION = YES;
				CLANG_WARN_NON_LITERAL_NULL_CONVERSION = YES;
				CLANG_WARN_OBJC_IMPLICIT_RETAIN_SELF = YES;
				CLANG_WARN_OBJC_LITERAL_CONVERSION = YES;
				CLANG_WARN_OBJC_ROOT_CLASS = YES_ERROR;
				CLANG_WARN_RANGE_LOOP_ANALYSIS = YES;
				CLANG_WARN_STRICT_PROTOTYPES = YES;
				CLANG_WARN_SUSPICIOUS_MOVE = YES;
				CLANG_WARN_UNGUARDED_AVAILABILITY = YES_AGGRESSIVE;
				CLANG_WARN_UNREACHABLE_CODE = YES;
				CLANG_WARN__DUPLICATE_METHOD_MATCH = YES;
				COPY_PHASE_STRIP = NO;
				DEBUG_INFORMATION_FORMAT = "dwarf-with-dsym";
				ENABLE_NS_ASSERTIONS = NO;
				ENABLE_STRICT_OBJC_MSGSEND = YES;
				GCC_C_LANGUAGE_STANDARD = gnu11;
				GCC_NO_COMMON_BLOCKS = YES;
				GCC_WARN_64_TO_32_BIT_CONVERSION = YES;
				GCC_WARN_ABOUT_RETURN_TYPE = YES_ERROR;
				GCC_WARN_UNDECLARED_SELECTOR = YES;
				GCC_WARN_UNINITIALIZED_AUTOS = YES_AGGRESSIVE;
				GCC_WARN_UNUSED_FUNCTION = YES;
				GCC_WARN_UNUSED_VARIABLE = YES;
				IPHONEOS_DEPLOYMENT_TARGET = 13.4;
				MTL_ENABLE_DEBUG_INFO = NO;
				MTL_FAST_MATH = YES;
				SDKROOT = iphoneos;
				SWIFT_COMPILATION_MODE = wholemodule;
				SWIFT_OPTIMIZATION_LEVEL = "-O";
				VALIDATE_PRODUCT = YES;
			};
			name = Release;
		};
		A89F62862463DCF200B40661 /* Debug */ = {
			isa = XCBuildConfiguration;
			buildSettings = {
				ASSETCATALOG_COMPILER_APPICON_NAME = AppIcon;
				CODE_SIGN_STYLE = Automatic;
				DEVELOPMENT_TEAM = FZNT8P87PQ;
				INFOPLIST_FILE = PhoneBook/Info.plist;
				IPHONEOS_DEPLOYMENT_TARGET = 13.0;
				LD_RUNPATH_SEARCH_PATHS = (
					"$(inherited)",
					"@executable_path/Frameworks",
				);
				PRODUCT_BUNDLE_IDENTIFIER = "com.Vladimir-Romashov.First.PhoneBook";
				PRODUCT_NAME = "$(TARGET_NAME)";
				SWIFT_VERSION = 5.0;
				TARGETED_DEVICE_FAMILY = 1;
			};
			name = Debug;
		};
		A89F62872463DCF200B40661 /* Release */ = {
			isa = XCBuildConfiguration;
			buildSettings = {
				ASSETCATALOG_COMPILER_APPICON_NAME = AppIcon;
				CODE_SIGN_STYLE = Automatic;
				DEVELOPMENT_TEAM = FZNT8P87PQ;
				INFOPLIST_FILE = PhoneBook/Info.plist;
				IPHONEOS_DEPLOYMENT_TARGET = 13.0;
				LD_RUNPATH_SEARCH_PATHS = (
					"$(inherited)",
					"@executable_path/Frameworks",
				);
				PRODUCT_BUNDLE_IDENTIFIER = "com.Vladimir-Romashov.First.PhoneBook";
				PRODUCT_NAME = "$(TARGET_NAME)";
				SWIFT_VERSION = 5.0;
				TARGETED_DEVICE_FAMILY = 1;
			};
			name = Release;
		};
/* End XCBuildConfiguration section */

/* Begin XCConfigurationList section */
		A89F62692463DCF100B40661 /* Build configuration list for PBXProject "PhoneBook" */ = {
			isa = XCConfigurationList;
			buildConfigurations = (
				A89F62832463DCF200B40661 /* Debug */,
				A89F62842463DCF200B40661 /* Release */,
			);
			defaultConfigurationIsVisible = 0;
			defaultConfigurationName = Release;
		};
		A89F62852463DCF200B40661 /* Build configuration list for PBXNativeTarget "PhoneBook" */ = {
			isa = XCConfigurationList;
			buildConfigurations = (
				A89F62862463DCF200B40661 /* Debug */,
				A89F62872463DCF200B40661 /* Release */,
			);
			defaultConfigurationIsVisible = 0;
			defaultConfigurationName = Release;
		};
/* End XCConfigurationList section */

/* Begin XCVersionGroup section */
		A89F627A2463DCF100B40661 /* PhoneBook.xcdatamodeld */ = {
			isa = XCVersionGroup;
			children = (
				A89F627B2463DCF100B40661 /* PhoneBook.xcdatamodel */,
			);
			currentVersion = A89F627B2463DCF100B40661 /* PhoneBook.xcdatamodel */;
			path = PhoneBook.xcdatamodeld;
			sourceTree = "<group>";
			versionGroupType = wrapper.xcdatamodel;
		};
/* End XCVersionGroup section */
	};
	rootObject = A89F62662463DCF100B40661 /* Project object */;
}
